// !$*UTF8*$!
{
	archiveVersion = 1;
	classes = {
	};
	objectVersion = 46;
	objects = {

/* Begin PBXBuildFile section */
		D7AED3951A87FB35005B6800 /* main.cpp in Sources */ = {isa = PBXBuildFile; fileRef = D7AED3941A87FB35005B6800 /* main.cpp */; };
		D7CD749F1AB60FE5009615EE /* imu.cpp in Sources */ = {isa = PBXBuildFile; fileRef = D7CD749E1AB60FE5009615EE /* imu.cpp */; };
/* End PBXBuildFile section */

/* Begin PBXCopyFilesBuildPhase section */
		D7AED38F1A87FB35005B6800 /* CopyFiles */ = {
			isa = PBXCopyFilesBuildPhase;
			buildActionMask = 2147483647;
			dstPath = /usr/share/man/man1/;
			dstSubfolderSpec = 0;
			files = (
			);
			runOnlyForDeploymentPostprocessing = 1;
		};
/* End PBXCopyFilesBuildPhase section */

/* Begin PBXFileReference section */
		D7AED3911A87FB35005B6800 /* IMU_Gait */ = {isa = PBXFileReference; explicitFileType = "compiled.mach-o.executable"; includeInIndex = 0; path = IMU_Gait; sourceTree = BUILT_PRODUCTS_DIR; };
		D7AED3941A87FB35005B6800 /* main.cpp */ = {isa = PBXFileReference; lastKnownFileType = sourcecode.cpp.cpp; path = main.cpp; sourceTree = "<group>"; };
		D7CD74871AB6070E009615EE /* imu.h */ = {isa = PBXFileReference; fileEncoding = 4; lastKnownFileType = sourcecode.c.h; path = imu.h; sourceTree = "<group>"; };
		D7CD749E1AB60FE5009615EE /* imu.cpp */ = {isa = PBXFileReference; fileEncoding = 4; lastKnownFileType = sourcecode.cpp.cpp; path = imu.cpp; sourceTree = "<group>"; };
/* End PBXFileReference section */

/* Begin PBXFrameworksBuildPhase section */
		D7AED38E1A87FB35005B6800 /* Frameworks */ = {
			isa = PBXFrameworksBuildPhase;
			buildActionMask = 2147483647;
			files = (
			);
			runOnlyForDeploymentPostprocessing = 0;
		};
/* End PBXFrameworksBuildPhase section */

/* Begin PBXGroup section */
		D7AED3881A87FB35005B6800 = {
			isa = PBXGroup;
			children = (
				D7AED3931A87FB35005B6800 /* IMU_Gait */,
				D7AED3921A87FB35005B6800 /* Products */,
			);
			sourceTree = "<group>";
		};
		D7AED3921A87FB35005B6800 /* Products */ = {
			isa = PBXGroup;
			children = (
				D7AED3911A87FB35005B6800 /* IMU_Gait */,
			);
			name = Products;
			sourceTree = "<group>";
		};
		D7AED3931A87FB35005B6800 /* IMU_Gait */ = {
			isa = PBXGroup;
			children = (
				D7CD74871AB6070E009615EE /* imu.h */,
				D7CD749E1AB60FE5009615EE /* imu.cpp */,
				D7AED3941A87FB35005B6800 /* main.cpp */,
			);
			path = IMU_Gait;
			sourceTree = "<group>";
		};
/* End PBXGroup section */

/* Begin PBXNativeTarget section */
		D7AED3901A87FB35005B6800 /* IMU_Gait */ = {
			isa = PBXNativeTarget;
			buildConfigurationList = D7AED3981A87FB35005B6800 /* Build configuration list for PBXNativeTarget "IMU_Gait" */;
			buildPhases = (
				D7AED38D1A87FB35005B6800 /* Sources */,
				D7AED38E1A87FB35005B6800 /* Frameworks */,
				D7AED38F1A87FB35005B6800 /* CopyFiles */,
			);
			buildRules = (
			);
			dependencies = (
			);
			name = IMU_Gait;
			productName = IMU_Gait;
			productReference = D7AED3911A87FB35005B6800 /* IMU_Gait */;
			productType = "com.apple.product-type.tool";
		};
/* End PBXNativeTarget section */

/* Begin PBXProject section */
		D7AED3891A87FB35005B6800 /* Project object */ = {
			isa = PBXProject;
			attributes = {
				LastUpgradeCheck = 0610;
				ORGANIZATIONNAME = "William Chavez-Salinas";
				TargetAttributes = {
					D7AED3901A87FB35005B6800 = {
						CreatedOnToolsVersion = 6.1.1;
					};
				};
			};
			buildConfigurationList = D7AED38C1A87FB35005B6800 /* Build configuration list for PBXProject "IMU_Gait" */;
			compatibilityVersion = "Xcode 3.2";
			developmentRegion = English;
			hasScannedForEncodings = 0;
			knownRegions = (
				en,
			);
			mainGroup = D7AED3881A87FB35005B6800;
			productRefGroup = D7AED3921A87FB35005B6800 /* Products */;
			projectDirPath = "";
			projectRoot = "";
			targets = (
				D7AED3901A87FB35005B6800 /* IMU_Gait */,
			);
		};
/* End PBXProject section */

/* Begin PBXSourcesBuildPhase section */
		D7AED38D1A87FB35005B6800 /* Sources */ = {
			isa = PBXSourcesBuildPhase;
			buildActionMask = 2147483647;
			files = (
				D7AED3951A87FB35005B6800 /* main.cpp in Sources */,
				D7CD749F1AB60FE5009615EE /* imu.cpp in Sources */,
			);
			runOnlyForDeploymentPostprocessing = 0;
		};
/* End PBXSourcesBuildPhase section */

/* Begin XCBuildConfiguration section */
		D7AED3961A87FB35005B6800 /* Debug */ = {
			isa = XCBuildConfiguration;
			buildSettings = {
				ALWAYS_SEARCH_USER_PATHS = NO;
				CLANG_CXX_LANGUAGE_STANDARD = "gnu++0x";
				CLANG_CXX_LIBRARY = "libc++";
				CLANG_ENABLE_MODULES = YES;
				CLANG_ENABLE_OBJC_ARC = YES;
				CLANG_WARN_BOOL_CONVERSION = YES;
				CLANG_WARN_CONSTANT_CONVERSION = YES;
				CLANG_WARN_DIRECT_OBJC_ISA_USAGE = YES_ERROR;
				CLANG_WARN_EMPTY_BODY = YES;
				CLANG_WARN_ENUM_CONVERSION = YES;
				CLANG_WARN_INT_CONVERSION = YES;
				CLANG_WARN_OBJC_ROOT_CLASS = YES_ERROR;
				CLANG_WARN_UNREACHABLE_CODE = YES;
				CLANG_WARN__DUPLICATE_METHOD_MATCH = YES;
				COPY_PHASE_STRIP = NO;
				ENABLE_STRICT_OBJC_MSGSEND = YES;
				GCC_C_LANGUAGE_STANDARD = gnu99;
				GCC_DYNAMIC_NO_PIC = NO;
				GCC_OPTIMIZATION_LEVEL = 0;
				GCC_PREPROCESSOR_DEFINITIONS = (
					"DEBUG=1",
					"$(inherited)",
				);
				GCC_SYMBOLS_PRIVATE_EXTERN = NO;
				GCC_WARN_64_TO_32_BIT_CONVERSION = YES;
				GCC_WARN_ABOUT_RETURN_TYPE = YES_ERROR;
				GCC_WARN_UNDECLARED_SELECTOR = YES;
				GCC_WARN_UNINITIALIZED_AUTOS = YES_AGGRESSIVE;
				GCC_WARN_UNUSED_FUNCTION = YES;
				GCC_WARN_UNUSED_VARIABLE = YES;
				MACOSX_DEPLOYMENT_TARGET = 10.10;
				MTL_ENABLE_DEBUG_INFO = YES;
				ONLY_ACTIVE_ARCH = YES;
				SDKROOT = macosx;
			};
			name = Debug;
		};
		D7AED3971A87FB35005B6800 /* Release */ = {
			isa = XCBuildConfiguration;
			buildSettings = {
				ALWAYS_SEARCH_USER_PATHS = NO;
				CLANG_CXX_LANGUAGE_STANDARD = "gnu++0x";
				CLANG_CXX_LIBRARY = "libc++";
				CLANG_ENABLE_MODULES = YES;
				CLANG_ENABLE_OBJC_ARC = YES;
				CLANG_WARN_BOOL_CONVERSION = YES;
				CLANG_WARN_CONSTANT_CONVERSION = YES;
				CLANG_WARN_DIRECT_OBJC_ISA_USAGE = YES_ERROR;
				CLANG_WARN_EMPTY_BODY = YES;
				CLANG_WARN_ENUM_CONVERSION = YES;
				CLANG_WARN_INT_CONVERSION = YES;
				CLANG_WARN_OBJC_ROOT_CLASS = YES_ERROR;
				CLANG_WARN_UNREACHABLE_CODE = YES;
				CLANG_WARN__DUPLICATE_METHOD_MATCH = YES;
				COPY_PHASE_STRIP = YES;
				DEBUG_INFORMATION_FORMAT = "dwarf-with-dsym";
				ENABLE_NS_ASSERTIONS = NO;
				ENABLE_STRICT_OBJC_MSGSEND = YES;
				GCC_C_LANGUAGE_STANDARD = gnu99;
				GCC_WARN_64_TO_32_BIT_CONVERSION = YES;
				GCC_WARN_ABOUT_RETURN_TYPE = YES_ERROR;
				GCC_WARN_UNDECLARED_SELECTOR = YES;
				GCC_WARN_UNINITIALIZED_AUTOS = YES_AGGRESSIVE;
				GCC_WARN_UNUSED_FUNCTION = YES;
				GCC_WARN_UNUSED_VARIABLE = YES;
				MACOSX_DEPLOYMENT_TARGET = 10.10;
				MTL_ENABLE_DEBUG_INFO = NO;
				SDKROOT = macosx;
			};
			name = Release;
		};
		D7AED3991A87FB35005B6800 /* Debug */ = {
			isa = XCBuildConfiguration;
			buildSettings = {
				PRODUCT_NAME = "$(TARGET_NAME)";
			};
			name = Debug;
		};
		D7AED39A1A87FB35005B6800 /* Release */ = {
			isa = XCBuildConfiguration;
			buildSettings = {
				PRODUCT_NAME = "$(TARGET_NAME)";
			};
			name = Release;
		};
/* End XCBuildConfiguration section */

/* Begin XCConfigurationList section */
		D7AED38C1A87FB35005B6800 /* Build configuration list for PBXProject "IMU_Gait" */ = {
			isa = XCConfigurationList;
			buildConfigurations = (
				D7AED3961A87FB35005B6800 /* Debug */,
				D7AED3971A87FB35005B6800 /* Release */,
			);
			defaultConfigurationIsVisible = 0;
			defaultConfigurationName = Release;
		};
		D7AED3981A87FB35005B6800 /* Build configuration list for PBXNativeTarget "IMU_Gait" */ = {
			isa = XCConfigurationList;
			buildConfigurations = (
				D7AED3991A87FB35005B6800 /* Debug */,
				D7AED39A1A87FB35005B6800 /* Release */,
			);
			defaultConfigurationIsVisible = 0;
			defaultConfigurationName = Release;
		};
/* End XCConfigurationList section */
	};
	rootObject = D7AED3891A87FB35005B6800 /* Project object */;
}
